<?xml version="1.0" encoding="UTF-8"?>
<!DOCTYPE plist PUBLIC "-//Apple//DTD PLIST 1.0//EN" "http://www.apple.com/DTDs/PropertyList-1.0.dtd">
<plist version="1.0">
<dict>
	<key>archiveVersion</key>
	<string>1</string>
	<key>classes</key>
	<dict/>
	<key>objectVersion</key>
	<string>56</string>
	<key>objects</key>
	<dict>
		<key>7C1APPG29B8F3B400001018</key>
		<dict>
			<key>children</key>
			<array>
				<string>7C1FILER29B8F3B400001000</string>
				<string>7C1FILEQ29B8F3B400001007</string>
			</array>
			<key>isa</key>
			<string>PBXGroup</string>
			<key>path</key>
			<string>AppMain</string>
			<key>sourceTree</key>
			<string>&lt;group&gt;</string>
		</dict>
		<key>7C1CONFDEBUGTARG29B8F3B400001028</key>
		<dict>
			<key>buildSettings</key>
			<dict>
				<key>ASSETCATALOG_COMPILER_APPICON_NAME</key>
				<string>AppIcon</string>
				<key>DEVELOPMENT_TEAM</key>
				<string>$(TIMBRE_IOS_TEAM_ID)</string>
				<key>INFOPLIST_FILE</key>
				<string>Resources/Info.plist</string>
				<key>IPHONEOS_DEPLOYMENT_TARGET</key>
				<string>17.0</string>
				<key>LD_RUNPATH_SEARCH_PATHS</key>
				<array>
					<string>$(inherited)</string>
					<string>@executable_path/Frameworks</string>
				</array>
				<key>PRODUCT_BUNDLE_IDENTIFIER</key>
				<string>com.timbre.mobile</string>
				<key>PRODUCT_NAME</key>
				<string>$(TARGET_NAME)</string>
				<key>SWIFT_EMIT_LOC_STRINGS</key>
				<string>YES</string>
				<key>SWIFT_VERSION</key>
				<string>5.0</string>
				<key>TARGETED_DEVICE_FAMILY</key>
				<string>1,2</string>
			</dict>
			<key>isa</key>
			<string>XCBuildConfiguration</string>
			<key>name</key>
			<string>Debug</string>
		</dict>
		<key>7C1CONFIGLISTPROJ29B8F3B400001025</key>
		<dict>
			<key>buildConfigurations</key>
			<array>
				<string>7C1CONFPROJDEBUG29B8F3B400001026</string>
				<string>7C1CONFPROJREL29B8F3B400001027</string>
			</array>
			<key>defaultConfigurationIsVisible</key>
			<string>0</string>
			<key>defaultConfigurationName</key>
			<string>Debug</string>
			<key>isa</key>
			<string>XCConfigurationList</string>
		</dict>
		<key>7C1CONFIGLISTTARG29B8F3B400001021</key>
		<dict>
			<key>buildConfigurations</key>
			<array>
				<string>7C1CONFDEBUGTARG29B8F3B400001028</string>
				<string>7C1CONFRELTARG29B8F3B400001029</string>
			</array>
			<key>defaultConfigurationIsVisible</key>
			<string>0</string>
			<key>defaultConfigurationName</key>
			<string>Debug</string>
			<key>isa</key>
			<string>XCConfigurationList</string>
		</dict>
		<key>7C1CONFPROJDEBUG29B8F3B400001026</key>
		<dict>
			<key>buildSettings</key>
			<dict>
				<key>CLANG_ENABLE_MODULES</key>
				<string>YES</string>
				<key>CODE_SIGN_IDENTITY</key>
				<string>Apple Development</string>
				<key>CODE_SIGN_STYLE</key>
				<string>Automatic</string>
				<key>CURRENT_PROJECT_VERSION</key>
				<string>1</string>
				<key>DEVELOPMENT_ASSET_PATHS</key>
				<string>"Resources/Preview Content"</string>
				<key>DEVELOPMENT_TEAM</key>
				<string>$(TIMBRE_IOS_TEAM_ID)</string>
				<key>INFOPLIST_FILE</key>
				<string>Resources/Info.plist</string>
				<key>IPHONEOS_DEPLOYMENT_TARGET</key>
				<string>17.0</string>
				<key>LD_RUNPATH_SEARCH_PATHS</key>
				<array>
					<string>$(inherited)</string>
					<string>@executable_path/Frameworks</string>
				</array>
				<key>MARKETING_VERSION</key>
				<string>1.0</string>
				<key>PRODUCT_BUNDLE_IDENTIFIER</key>
				<string>com.timbre.mobile</string>
				<key>PRODUCT_NAME</key>
				<string>$(TARGET_NAME)</string>
				<key>SDKROOT</key>
				<string>iphoneos</string>
				<key>SWIFT_EMIT_LOC_STRINGS</key>
				<string>YES</string>
				<key>SWIFT_VERSION</key>
				<string>5.0</string>
				<key>TARGETED_DEVICE_FAMILY</key>
				<string>1,2</string>
			</dict>
			<key>isa</key>
			<string>XCBuildConfiguration</string>
			<key>name</key>
			<string>Debug</string>
		</dict>
		<key>7C1CONFPROJREL29B8F3B400001027</key>
		<dict>
			<key>buildSettings</key>
			<dict>
				<key>CLANG_ENABLE_MODULES</key>
				<string>YES</string>
				<key>CODE_SIGN_IDENTITY</key>
				<string>Apple Development</string>
				<key>CODE_SIGN_STYLE</key>
				<string>Automatic</string>
				<key>CURRENT_PROJECT_VERSION</key>
				<string>1</string>
				<key>DEVELOPMENT_ASSET_PATHS</key>
				<string>"Resources/Preview Content"</string>
				<key>DEVELOPMENT_TEAM</key>
				<string>$(TIMBRE_IOS_TEAM_ID)</string>
				<key>INFOPLIST_FILE</key>
				<string>Resources/Info.plist</string>
				<key>IPHONEOS_DEPLOYMENT_TARGET</key>
				<string>17.0</string>
				<key>LD_RUNPATH_SEARCH_PATHS</key>
				<array>
					<string>$(inherited)</string>
					<string>@executable_path/Frameworks</string>
				</array>
				<key>MARKETING_VERSION</key>
				<string>1.0</string>
				<key>PRODUCT_BUNDLE_IDENTIFIER</key>
				<string>com.timbre.mobile</string>
				<key>PRODUCT_NAME</key>
				<string>$(TARGET_NAME)</string>
				<key>SDKROOT</key>
				<string>iphoneos</string>
				<key>SWIFT_EMIT_LOC_STRINGS</key>
				<string>YES</string>
				<key>SWIFT_VERSION</key>
				<string>5.0</string>
				<key>TARGETED_DEVICE_FAMILY</key>
				<string>1,2</string>
				<key>VALIDATE_PRODUCT</key>
				<string>YES</string>
			</dict>
			<key>isa</key>
			<string>XCBuildConfiguration</string>
			<key>name</key>
			<string>Release</string>
		</dict>
		<key>7C1CONFRELTARG29B8F3B400001029</key>
		<dict>
			<key>buildSettings</key>
			<dict>
				<key>ASSETCATALOG_COMPILER_APPICON_NAME</key>
				<string>AppIcon</string>
				<key>DEVELOPMENT_TEAM</key>
				<string>$(TIMBRE_IOS_TEAM_ID)</string>
				<key>INFOPLIST_FILE</key>
				<string>Resources/Info.plist</string>
				<key>IPHONEOS_DEPLOYMENT_TARGET</key>
				<string>17.0</string>
				<key>LD_RUNPATH_SEARCH_PATHS</key>
				<array>
					<string>$(inherited)</string>
					<string>@executable_path/Frameworks</string>
				</array>
				<key>PRODUCT_BUNDLE_IDENTIFIER</key>
				<string>com.timbre.mobile</string>
				<key>PRODUCT_NAME</key>
				<string>$(TARGET_NAME)</string>
				<key>SWIFT_EMIT_LOC_STRINGS</key>
				<string>YES</string>
				<key>SWIFT_VERSION</key>
				<string>5.0</string>
				<key>TARGETED_DEVICE_FAMILY</key>
				<string>1,2</string>
			</dict>
			<key>isa</key>
			<string>XCBuildConfiguration</string>
			<key>name</key>
			<string>Release</string>
		</dict>
		<key>7C1DESIGNG29B8F3B40000101A</key>
		<dict>
			<key>children</key>
			<array>
				<string>7C1FILET29B8F3B40000100A</string>
				<string>7C1FILEU29B8F3B40000100B</string>
				<string>7C1FILEV29B8F3B40000100C</string>
			</array>
			<key>isa</key>
			<string>PBXGroup</string>
			<key>path</key>
			<string>DesignSystem</string>
			<key>sourceTree</key>
			<string>&lt;group&gt;</string>
		</dict>
		<key>7C1FEATG29B8F3B400001019</key>
		<dict>
			<key>children</key>
			<array>
				<string>7C1FILES29B8F3B400001009</string>
			</array>
			<key>isa</key>
			<string>PBXGroup</string>
			<key>path</key>
			<string>Features</string>
			<key>sourceTree</key>
			<string>&lt;group&gt;</string>
		</dict>
		<key>7C1FILEA29B8F3B400001011</key>
		<dict>
			<key>isa</key>
			<string>PBXFileReference</string>
			<key>lastKnownFileType</key>
			<string>file</string>
			<key>path</key>
			<string>alagard.ttf</string>
			<key>sourceTree</key>
			<string>&lt;group&gt;</string>
		</dict>
		<key>7C1FILEA29B8F3B400001100</key>
		<dict>
			<key>fileRef</key>
			<string>7C1FILER29B8F3B400001000</string>
			<key>isa</key>
			<string>PBXBuildFile</string>
		</dict>
		<key>7C1FILEB29B8F3B400001101</key>
		<dict>
			<key>fileRef</key>
			<string>7C1FILEQ29B8F3B400001007</string>
			<key>isa</key>
			<string>PBXBuildFile</string>
		</dict>
		<key>7C1FILEC29B8F3B400001102</key>
		<dict>
			<key>fileRef</key>
			<string>7C1FILES29B8F3B400001009</string>
			<key>isa</key>
			<string>PBXBuildFile</string>
		</dict>
		<key>7C1FILED29B8F3B400001103</key>
		<dict>
			<key>fileRef</key>
			<string>7C1FILET29B8F3B40000100A</string>
			<key>isa</key>
			<string>PBXBuildFile</string>
		</dict>
		<key>7C1FILEE29B8F3B400001104</key>
		<dict>
			<key>fileRef</key>
			<string>7C1FILEU29B8F3B40000100B</string>
			<key>isa</key>
			<string>PBXBuildFile</string>
		</dict>
		<key>7C1FILEF29B8F3B400001105</key>
		<dict>
			<key>fileRef</key>
			<string>7C1FILEV29B8F3B40000100C</string>
			<key>isa</key>
			<string>PBXBuildFile</string>
		</dict>
		<key>7C1FILEG29B8F3B400001106</key>
		<dict>
			<key>fileRef</key>
			<string>7C1FILEW29B8F3B40000100D</string>
			<key>isa</key>
			<string>PBXBuildFile</string>
		</dict>
		<key>7C1FILEH29B8F3B400001107</key>
		<dict>
			<key>fileRef</key>
			<string>7C1FILEX29B8F3B40000100E</string>
			<key>isa</key>
			<string>PBXBuildFile</string>
		</dict>
		<key>7C1FILEI29B8F3B400001108</key>
		<dict>
			<key>fileRef</key>
			<string>7C1FILEY29B8F3B40000100F</string>
			<key>isa</key>
			<string>PBXBuildFile</string>
		</dict>
		<key>7C1FILEK29B8F3B40000110A</key>
		<dict>
			<key>fileRef</key>
			<string>7C1FILEA29B8F3B400001011</string>
			<key>isa</key>
			<string>PBXBuildFile</string>
		</dict>
		<key>7C1FILEQ29B8F3B400001007</key>
		<dict>
			<key>isa</key>
			<string>PBXFileReference</string>
			<key>lastKnownFileType</key>
			<string>sourcecode.swift</string>
			<key>path</key>
			<string>AppEnvironment.swift</string>
			<key>sourceTree</key>
			<string>&lt;group&gt;</string>
		</dict>
		<key>7C1FILER29B8F3B400001000</key>
		<dict>
			<key>isa</key>
			<string>PBXFileReference</string>
			<key>lastKnownFileType</key>
			<string>sourcecode.swift</string>
			<key>path</key>
			<string>TimbreMobileApp.swift</string>
			<key>sourceTree</key>
			<string>&lt;group&gt;</string>
		</dict>
		<key>7C1FILES29B8F3B400001009</key>
		<dict>
			<key>isa</key>
			<string>PBXFileReference</string>
			<key>lastKnownFileType</key>
			<string>sourcecode.swift</string>
			<key>path</key>
			<string>LandingView.swift</string>
			<key>sourceTree</key>
			<string>&lt;group&gt;</string>
		</dict>
		<key>7C1FILET29B8F3B40000100A</key>
		<dict>
			<key>isa</key>
			<string>PBXFileReference</string>
			<key>lastKnownFileType</key>
			<string>sourcecode.swift</string>
			<key>path</key>
			<string>AnimatedNoteView.swift</string>
			<key>sourceTree</key>
			<string>&lt;group&gt;</string>
		</dict>
		<key>7C1FILEU29B8F3B40000100B</key>
		<dict>
			<key>isa</key>
			<string>PBXFileReference</string>
			<key>lastKnownFileType</key>
			<string>sourcecode.swift</string>
			<key>path</key>
			<string>GlassPanel.swift</string>
			<key>sourceTree</key>
			<string>&lt;group&gt;</string>
		</dict>
		<key>7C1FILEV29B8F3B40000100C</key>
		<dict>
			<key>isa</key>
			<string>PBXFileReference</string>
			<key>lastKnownFileType</key>
			<string>sourcecode.swift</string>
			<key>path</key>
			<string>DesignTokens.swift</string>
			<key>sourceTree</key>
			<string>&lt;group&gt;</string>
		</dict>
		<key>7C1FILEW29B8F3B40000100D</key>
		<dict>
			<key>isa</key>
			<string>PBXFileReference</string>
			<key>lastKnownFileType</key>
			<string>sourcecode.swift</string>
			<key>path</key>
			<string>WorkerClient.swift</string>
			<key>sourceTree</key>
			<string>&lt;group&gt;</string>
		</dict>
		<key>7C1FILEX29B8F3B40000100E</key>
		<dict>
			<key>isa</key>
			<string>PBXFileReference</string>
			<key>lastKnownFileType</key>
			<string>sourcecode.swift</string>
			<key>path</key>
			<string>JobModels.swift</string>
			<key>sourceTree</key>
			<string>&lt;group&gt;</string>
		</dict>
		<key>7C1FILEY29B8F3B40000100F</key>
		<dict>
			<key>isa</key>
			<string>PBXFileReference</string>
			<key>lastKnownFileType</key>
			<string>folder.assetcatalog</string>
			<key>path</key>
			<string>Assets.xcassets</string>
			<key>sourceTree</key>
			<string>&lt;group&gt;</string>
		</dict>
		<key>7C1FILEZ29B8F3B400001010</key>
		<dict>
			<key>isa</key>
			<string>PBXFileReference</string>
			<key>lastKnownFileType</key>
			<string>text.plist.xml</string>
			<key>path</key>
			<string>Info.plist</string>
			<key>sourceTree</key>
			<string>&lt;group&gt;</string>
		</dict>
		<key>7C1FRAME29B8F3B400001013</key>
		<dict>
			<key>buildActionMask</key>
			<string>2147483647</string>
			<key>files</key>
			<array/>
			<key>isa</key>
			<string>PBXFrameworksBuildPhase</string>
			<key>runOnlyForDeploymentPostprocessing</key>
			<string>0</string>
		</dict>
		<key>7C1MAIN29B8F3B400001014</key>
		<dict>
			<key>children</key>
			<array>
				<string>7C1SRCG29B8F3B400001015</string>
				<string>7C1RESG29B8F3B400001016</string>
				<string>7C1PRODUCTG29B8F3B400001017</string>
				<string>7CTESTG29B8F3B40000102A</string>
			</array>
			<key>isa</key>
			<string>PBXGroup</string>
			<key>sourceTree</key>
			<string>&lt;group&gt;</string>
		</dict>
		<key>7C1MODELG29B8F3B40000101C</key>
		<dict>
			<key>children</key>
			<array>
				<string>7C1FILEX29B8F3B40000100E</string>
			</array>
			<key>isa</key>
			<string>PBXGroup</string>
			<key>path</key>
			<string>Models</string>
			<key>sourceTree</key>
			<string>&lt;group&gt;</string>
		</dict>
		<key>7C1NETWORKG29B8F3B40000101B</key>
		<dict>
			<key>children</key>
			<array>
				<string>7C1FILEW29B8F3B40000100D</string>
			</array>
			<key>isa</key>
			<string>PBXGroup</string>
			<key>path</key>
			<string>Networking</string>
			<key>sourceTree</key>
			<string>&lt;group&gt;</string>
		</dict>
		<key>7C1PRODUCT29B8F3B400001012</key>
		<dict>
			<key>explicitFileType</key>
			<string>wrapper.application</string>
			<key>includeInIndex</key>
			<string>0</string>
			<key>isa</key>
			<string>PBXFileReference</string>
			<key>path</key>
			<string>TimbreMobile.app</string>
			<key>sourceTree</key>
			<string>BUILT_PRODUCTS_DIR</string>
		</dict>
		<key>7C1PRODUCTG29B8F3B400001017</key>
		<dict>
			<key>children</key>
			<array>
				<string>7C1PRODUCT29B8F3B400001012</string>
				<string>7CTESTPRODUCT29B8F3B400001030</string>
			</array>
			<key>isa</key>
			<string>PBXGroup</string>
			<key>name</key>
			<string>Products</string>
			<key>sourceTree</key>
			<string>&lt;group&gt;</string>
		</dict>
		<key>7C1PROJECT29B8F3B400001024</key>
		<dict>
			<key>attributes</key>
			<dict>
				<key>LastSwiftUpdateCheck</key>
				<string>1530</string>
				<key>LastUpgradeCheck</key>
				<string>1530</string>
				<key>TargetAttributes</key>
				<dict>
					<key>7C1TARGET29B8F3B400001020</key>
					<dict>
						<key>CreatedOnToolsVersion</key>
						<string>15.3</string>
					</dict>
					<key>7CTESTTARGET29B8F3B400001031</key>
					<dict>
						<key>CreatedOnToolsVersion</key>
						<string>15.3</string>
					</dict>
				</dict>
			</dict>
			<key>buildConfigurationList</key>
			<string>7C1CONFIGLISTPROJ29B8F3B400001025</string>
			<key>compatibilityVersion</key>
			<string>Xcode 14.0</string>
			<key>developmentRegion</key>
			<string>en</string>
			<key>hasScannedForEncodings</key>
			<string>0</string>
			<key>isa</key>
			<string>PBXProject</string>
			<key>knownRegions</key>
			<array>
				<string>en</string>
				<string>Base</string>
			</array>
			<key>mainGroup</key>
			<string>7C1MAIN29B8F3B400001014</string>
			<key>productRefGroup</key>
			<string>7C1PRODUCTG29B8F3B400001017</string>
			<key>projectDirPath</key>
			<string></string>
			<key>projectRoot</key>
			<string></string>
			<key>targets</key>
			<array>
				<string>7C1TARGET29B8F3B400001020</string>
				<string>7CTESTTARGET29B8F3B400001031</string>
			</array>
		</dict>
		<key>7C1RESG29B8F3B400001016</key>
		<dict>
			<key>children</key>
			<array>
				<string>7C1FILEY29B8F3B40000100F</string>
				<string>7C1FILEZ29B8F3B400001010</string>
				<string>7C1FILEA29B8F3B400001011</string>
			</array>
			<key>isa</key>
			<string>PBXGroup</string>
			<key>path</key>
			<string>Resources</string>
			<key>sourceTree</key>
			<string>&lt;group&gt;</string>
		</dict>
		<key>7C1RESOURCES29B8F3B400001023</key>
		<dict>
			<key>buildActionMask</key>
			<string>2147483647</string>
			<key>files</key>
			<array>
				<string>7C1FILEI29B8F3B400001108</string>
				<string>7C1FILEK29B8F3B40000110A</string>
			</array>
			<key>isa</key>
			<string>PBXResourcesBuildPhase</string>
			<key>runOnlyForDeploymentPostprocessing</key>
			<string>0</string>
		</dict>
		<key>7C1SOURCES29B8F3B400001022</key>
		<dict>
			<key>buildActionMask</key>
			<string>2147483647</string>
			<key>files</key>
			<array>
				<string>7C1FILEA29B8F3B400001100</string>
				<string>7C1FILEB29B8F3B400001101</string>
				<string>7C1FILEC29B8F3B400001102</string>
				<string>7C1FILED29B8F3B400001103</string>
				<string>7C1FILEE29B8F3B400001104</string>
				<string>7C1FILEF29B8F3B400001105</string>
				<string>7C1FILEG29B8F3B400001106</string>
				<string>7C1FILEH29B8F3B400001107</string>
			</array>
			<key>isa</key>
			<string>PBXSourcesBuildPhase</string>
			<key>runOnlyForDeploymentPostprocessing</key>
			<string>0</string>
		</dict>
		<key>7C1SRCG29B8F3B400001015</key>
		<dict>
			<key>children</key>
			<array>
				<string>7C1APPG29B8F3B400001018</string>
				<string>7C1FEATG29B8F3B400001019</string>
				<string>7C1DESIGNG29B8F3B40000101A</string>
				<string>7C1NETWORKG29B8F3B40000101B</string>
				<string>7C1MODELG29B8F3B40000101C</string>
			</array>
			<key>isa</key>
			<string>PBXGroup</string>
			<key>path</key>
			<string>Sources</string>
			<key>sourceTree</key>
			<string>&lt;group&gt;</string>
		</dict>
		<key>7C1TARGET29B8F3B400001020</key>
		<dict>
			<key>buildConfigurationList</key>
			<string>7C1CONFIGLISTTARG29B8F3B400001021</string>
			<key>buildPhases</key>
			<array>
				<string>7C1SOURCES29B8F3B400001022</string>
				<string>7C1FRAME29B8F3B400001013</string>
				<string>7C1RESOURCES29B8F3B400001023</string>
			</array>
			<key>buildRules</key>
			<array/>
			<key>dependencies</key>
			<array/>
			<key>isa</key>
			<string>PBXNativeTarget</string>
			<key>name</key>
			<string>TimbreMobile</string>
			<key>productName</key>
			<string>TimbreMobile</string>
			<key>productReference</key>
			<string>7C1PRODUCT29B8F3B400001012</string>
			<key>productType</key>
			<string>com.apple.product-type.application</string>
		</dict>
		<key>7CTESTBUILDFILE29B8F3B40000102C</key>
		<dict>
			<key>fileRef</key>
			<string>7CTESTFILE29B8F3B40000102B</string>
			<key>isa</key>
			<string>PBXBuildFile</string>
		</dict>
		<key>7CTESTCONFDEBUG29B8F3B400001032</key>
		<dict>
			<key>buildSettings</key>
			<dict>
				<key>BUNDLE_LOADER</key>
				<string>$(TEST_HOST)</string>
				<key>CODE_SIGN_STYLE</key>
				<string>Automatic</string>
				<key>DEBUG_INFORMATION_FORMAT</key>
				<string>dwarf</string>
				<key>DEVELOPMENT_TEAM</key>
				<string>$(TIMBRE_IOS_TEAM_ID)</string>
				<key>INFOPLIST_FILE</key>
				<string>Tests/Info.plist</string>
				<key>IPHONEOS_DEPLOYMENT_TARGET</key>
				<string>17.0</string>
				<key>LD_RUNPATH_SEARCH_PATHS</key>
				<array>
					<string>$(inherited)</string>
					<string>@executable_path/Frameworks</string>
					<string>@loader_path/Frameworks</string>
				</array>
				<key>PRODUCT_BUNDLE_IDENTIFIER</key>
				<string>com.timbre.mobileTests</string>
				<key>PRODUCT_NAME</key>
				<string>$(TARGET_NAME)</string>
				<key>SWIFT_EMIT_LOC_STRINGS</key>
				<string>YES</string>
				<key>SWIFT_OPTIMIZATION_LEVEL</key>
				<string>-Onone</string>
				<key>SWIFT_VERSION</key>
				<string>5.0</string>
				<key>TEST_HOST</key>
				<string>$(BUILT_PRODUCTS_DIR)/TimbreMobile.app/$(EXECUTABLE_NAME)</string>
			</dict>
			<key>isa</key>
			<string>XCBuildConfiguration</string>
			<key>name</key>
			<string>Debug</string>
		</dict>
		<key>7CTESTCONFIGLIST29B8F3B400001034</key>
		<dict>
			<key>buildConfigurations</key>
			<array>
				<string>7CTESTCONFDEBUG29B8F3B400001032</string>
				<string>7CTESTCONFREL29B8F3B400001033</string>
			</array>
			<key>defaultConfigurationIsVisible</key>
			<integer>0</integer>
			<key>defaultConfigurationName</key>
			<string>Debug</string>
			<key>isa</key>
			<string>XCConfigurationList</string>
		</dict>
		<key>7CTESTCONFREL29B8F3B400001033</key>
		<dict>
			<key>buildSettings</key>
			<dict>
				<key>BUNDLE_LOADER</key>
				<string>$(TEST_HOST)</string>
				<key>CODE_SIGN_STYLE</key>
				<string>Automatic</string>
				<key>DEVELOPMENT_TEAM</key>
				<string>$(TIMBRE_IOS_TEAM_ID)</string>
				<key>INFOPLIST_FILE</key>
				<string>Tests/Info.plist</string>
				<key>IPHONEOS_DEPLOYMENT_TARGET</key>
				<string>17.0</string>
				<key>LD_RUNPATH_SEARCH_PATHS</key>
				<array>
					<string>$(inherited)</string>
					<string>@executable_path/Frameworks</string>
					<string>@loader_path/Frameworks</string>
				</array>
				<key>PRODUCT_BUNDLE_IDENTIFIER</key>
				<string>com.timbre.mobileTests</string>
				<key>PRODUCT_NAME</key>
				<string>$(TARGET_NAME)</string>
				<key>SWIFT_EMIT_LOC_STRINGS</key>
				<string>YES</string>
				<key>SWIFT_OPTIMIZATION_LEVEL</key>
				<string>-O</string>
				<key>SWIFT_VERSION</key>
				<string>5.0</string>
				<key>TEST_HOST</key>
				<string>$(BUILT_PRODUCTS_DIR)/TimbreMobile.app/$(EXECUTABLE_NAME)</string>
			</dict>
			<key>isa</key>
			<string>XCBuildConfiguration</string>
			<key>name</key>
			<string>Release</string>
		</dict>
		<key>7CTESTDEPEND29B8F3B400001035</key>
		<dict>
			<key>isa</key>
			<string>PBXTargetDependency</string>
			<key>target</key>
			<string>7C1TARGET29B8F3B400001020</string>
			<key>targetProxy</key>
			<string>7CTESTPROXY29B8F3B400001036</string>
		</dict>
		<key>7CTESTFILE29B8F3B40000102B</key>
		<dict>
			<key>isa</key>
			<string>PBXFileReference</string>
			<key>lastKnownFileType</key>
			<string>sourcecode.swift</string>
			<key>path</key>
			<string>TimbreMobileTests.swift</string>
			<key>sourceTree</key>
			<string>&lt;group&gt;</string>
		</dict>
		<key>7CTESTFRAME29B8F3B40000102E</key>
		<dict>
			<key>buildActionMask</key>
			<integer>2147483647</integer>
			<key>files</key>
			<array/>
			<key>isa</key>
			<string>PBXFrameworksBuildPhase</string>
			<key>runOnlyForDeploymentPostprocessing</key>
			<integer>0</integer>
		</dict>
		<key>7CTESTG29B8F3B40000102A</key>
		<dict>
			<key>children</key>
			<array>
				<string>7CTESTFILE29B8F3B40000102B</string>
				<string>7CTESTINFO29B8F3B400001037</string>
			</array>
			<key>isa</key>
			<string>PBXGroup</string>
			<key>path</key>
			<string>Tests</string>
			<key>sourceTree</key>
			<string>&lt;group&gt;</string>
		</dict>
		<key>7CTESTINFO29B8F3B400001037</key>
		<dict>
			<key>isa</key>
			<string>PBXFileReference</string>
			<key>lastKnownFileType</key>
			<string>text.plist.xml</string>
			<key>path</key>
			<string>Info.plist</string>
			<key>sourceTree</key>
			<string>&lt;group&gt;</string>
		</dict>
		<key>7CTESTPRODUCT29B8F3B400001030</key>
		<dict>
			<key>explicitFileType</key>
			<string>wrapper.cfbundle</string>
			<key>includeInIndex</key>
			<integer>0</integer>
			<key>isa</key>
			<string>PBXFileReference</string>
			<key>path</key>
			<string>TimbreMobileTests.xctest</string>
			<key>sourceTree</key>
			<string>BUILT_PRODUCTS_DIR</string>
		</dict>
		<key>7CTESTPROXY29B8F3B400001036</key>
		<dict>
			<key>containerPortal</key>
			<string>7C1PROJECT29B8F3B400001024</string>
			<key>isa</key>
			<string>PBXContainerItemProxy</string>
			<key>proxyType</key>
			<integer>1</integer>
			<key>remoteGlobalIDString</key>
			<string>7C1TARGET29B8F3B400001020</string>
			<key>remoteInfo</key>
			<string>TimbreMobile</string>
		</dict>
		<key>7CTESTRES29B8F3B40000102F</key>
		<dict>
			<key>buildActionMask</key>
			<integer>2147483647</integer>
			<key>files</key>
			<array/>
			<key>isa</key>
			<string>PBXResourcesBuildPhase</string>
			<key>runOnlyForDeploymentPostprocessing</key>
			<integer>0</integer>
		</dict>
		<key>7CTESTSOURCES29B8F3B40000102D</key>
		<dict>
			<key>buildActionMask</key>
			<integer>2147483647</integer>
			<key>files</key>
			<array>
				<string>7CTESTBUILDFILE29B8F3B40000102C</string>
			</array>
			<key>isa</key>
			<string>PBXSourcesBuildPhase</string>
			<key>runOnlyForDeploymentPostprocessing</key>
			<integer>0</integer>
		</dict>
		<key>7CTESTTARGET29B8F3B400001031</key>
		<dict>
			<key>buildConfigurationList</key>
			<string>7CTESTCONFIGLIST29B8F3B400001034</string>
			<key>buildPhases</key>
			<array>
				<string>7CTESTSOURCES29B8F3B40000102D</string>
				<string>7CTESTFRAME29B8F3B40000102E</string>
				<string>7CTESTRES29B8F3B40000102F</string>
			</array>
			<key>buildRules</key>
			<array/>
			<key>dependencies</key>
			<array>
				<string>7CTESTDEPEND29B8F3B400001035</string>
			</array>
			<key>isa</key>
			<string>PBXNativeTarget</string>
			<key>name</key>
			<string>TimbreMobileTests</string>
			<key>productName</key>
			<string>TimbreMobileTests</string>
			<key>productReference</key>
			<string>7CTESTPRODUCT29B8F3B400001030</string>
			<key>productType</key>
			<string>com.apple.product-type.bundle.unit-test</string>
		</dict>
	</dict>
	<key>rootObject</key>
	<string>7C1PROJECT29B8F3B400001024</string>
</dict>
</plist>
